
Microsoft Visual Studio Solution File, Format Version 12.00
# Visual Studio Version 16
VisualStudioVersion = 16.0.31402.337
MinimumVisualStudioVersion = 10.0.40219.1
Project("{FAE04EC0-301F-11D3-BF4B-00C04F79EFBC}") = "Practices", "Practices\Practices.csproj", "{D3ED27A7-786B-406D-9DF9-888B3BEFECEF}"
EndProject
Project("{FAE04EC0-301F-11D3-BF4B-00C04F79EFBC}") = "Practices.Tests", "Practices.Tests\Practices.Tests.csproj", "{3E2CF3C7-869D-4F4C-B385-051C934D679C}"
EndProject
Global
	GlobalSection(SolutionConfigurationPlatforms) = preSolution
		Debug|Any CPU = Debug|Any CPU
		Release|Any CPU = Release|Any CPU
	EndGlobalSection
	GlobalSection(ProjectConfigurationPlatforms) = postSolution
		{D3ED27A7-786B-406D-9DF9-888B3BEFECEF}.Debug|Any CPU.ActiveCfg = Debug|Any CPU
		{D3ED27A7-786B-406D-9DF9-888B3BEFECEF}.Debug|Any CPU.Build.0 = Debug|Any CPU
		{D3ED27A7-786B-406D-9DF9-888B3BEFECEF}.Release|Any CPU.ActiveCfg = Release|Any CPU
		{D3ED27A7-786B-406D-9DF9-888B3BEFECEF}.Release|Any CPU.Build.0 = Release|Any CPU
		{3E2CF3C7-869D-4F4C-B385-051C934D679C}.Debug|Any CPU.ActiveCfg = Debug|Any CPU
		{3E2CF3C7-869D-4F4C-B385-051C934D679C}.Debug|Any CPU.Build.0 = Debug|Any CPU
		{3E2CF3C7-869D-4F4C-B385-051C934D679C}.Release|Any CPU.ActiveCfg = Release|Any CPU
		{3E2CF3C7-869D-4F4C-B385-051C934D679C}.Release|Any CPU.Build.0 = Release|Any CPU
	EndGlobalSection
	GlobalSection(SolutionProperties) = preSolution
		HideSolutionNode = FALSE
	EndGlobalSection
	GlobalSection(ExtensibilityGlobals) = postSolution
		SolutionGuid = {8AEBA83A-F976-4240-BF45-C2DEB936E438}
	EndGlobalSection
EndGlobal
